
Microsoft Visual Studio Solution File, Format Version 12.00
# Visual Studio 15
VisualStudioVersion = 15.0.28307.136
MinimumVisualStudioVersion = 10.0.40219.1
Project("{FAE04EC0-301F-11D3-BF4B-00C04F79EFBC}") = "lichkin-net-utils", "lichkin-net-utils\lichkin-net-utils.csproj", "{E0EBF1DD-64EC-4EC5-B961-62D875E5FBBF}"
EndProject
Global
	GlobalSection(SolutionConfigurationPlatforms) = preSolution
		Debug|Any CPU = Debug|Any CPU
		Release|Any CPU = Release|Any CPU
	EndGlobalSection
	GlobalSection(ProjectConfigurationPlatforms) = postSolution
		{E0EBF1DD-64EC-4EC5-B961-62D875E5FBBF}.Debug|Any CPU.ActiveCfg = Debug|Any CPU
		{E0EBF1DD-64EC-4EC5-B961-62D875E5FBBF}.Debug|Any CPU.Build.0 = Debug|Any CPU
		{E0EBF1DD-64EC-4EC5-B961-62D875E5FBBF}.Release|Any CPU.ActiveCfg = Release|Any CPU
		{E0EBF1DD-64EC-4EC5-B961-62D875E5FBBF}.Release|Any CPU.Build.0 = Release|Any CPU
	EndGlobalSection
	GlobalSection(SolutionProperties) = preSolution
		HideSolutionNode = FALSE
	EndGlobalSection
	GlobalSection(ExtensibilityGlobals) = postSolution
		SolutionGuid = {0228A781-FEA8-49DD-B041-9F1AD01335CB}
	EndGlobalSection
EndGlobal
